
Microsoft Visual Studio Solution File, Format Version 12.00
# Visual Studio Version 17
VisualStudioVersion = 17.6.33829.357
MinimumVisualStudioVersion = 10.0.40219.1
Project("{FAE04EC0-301F-11D3-BF4B-00C04F79EFBC}") = "PrimNumber", "PrimNumber.csproj", "{6D831802-759D-4327-82CE-500CE142A54B}"
EndProject
Global
	GlobalSection(SolutionConfigurationPlatforms) = preSolution
		Debug|Any CPU = Debug|Any CPU
		Release|Any CPU = Release|Any CPU
	EndGlobalSection
	GlobalSection(ProjectConfigurationPlatforms) = postSolution
		{6D831802-759D-4327-82CE-500CE142A54B}.Debug|Any CPU.ActiveCfg = Debug|Any CPU
		{6D831802-759D-4327-82CE-500CE142A54B}.Debug|Any CPU.Build.0 = Debug|Any CPU
		{6D831802-759D-4327-82CE-500CE142A54B}.Release|Any CPU.ActiveCfg = Release|Any CPU
		{6D831802-759D-4327-82CE-500CE142A54B}.Release|Any CPU.Build.0 = Release|Any CPU
	EndGlobalSection
	GlobalSection(SolutionProperties) = preSolution
		HideSolutionNode = FALSE
	EndGlobalSection
	GlobalSection(ExtensibilityGlobals) = postSolution
		SolutionGuid = {A8EE7B6B-2622-4F0B-BE3F-4AC2BA76E2F6}
	EndGlobalSection
EndGlobal
